
Microsoft Visual Studio Solution File, Format Version 12.00
Project("{FAE04EC0-301F-11D3-BF4B-00C04F79EFBC}") = "ProyectoEcomerce", "ProyectoEcomerce\ProyectoEcomerce.csproj", "{4F72266A-9802-4AA6-A110-FFE82484A2DE}"
EndProject
Project("{2150E333-8FDC-42A3-9474-1A3956D46DE8}") = "API", "API", "{F765D51E-4D44-4876-9468-6C45CAE6E0A4}"
EndProject
Project("{2150E333-8FDC-42A3-9474-1A3956D46DE8}") = "BLL", "BLL", "{1E2417F8-BAAB-402F-8CDE-C6AFEC7A652E}"
EndProject
Project("{2150E333-8FDC-42A3-9474-1A3956D46DE8}") = "COMUN", "COMUN", "{5F5E728D-A79C-4441-83B8-992986CB147F}"
EndProject
Project("{FAE04EC0-301F-11D3-BF4B-00C04F79EFBC}") = "carapi", "..\api\carapi\carapi.csproj", "{145C7668-86E3-44CF-A9BF-039BE17699AA}"
EndProject
Project("{FAE04EC0-301F-11D3-BF4B-00C04F79EFBC}") = "orderapi", "..\api\orderapi\orderapi.csproj", "{962C7A72-2FBF-4BD6-A750-F55615978EBF}"
EndProject
Project("{FAE04EC0-301F-11D3-BF4B-00C04F79EFBC}") = "productoapi", "..\api\productoapi\productoapi.csproj", "{341C77D1-4E70-41FC-BD76-8A0B061075B9}"
EndProject
Project("{FAE04EC0-301F-11D3-BF4B-00C04F79EFBC}") = "carbll", "..\bill\carbll\carbll.csproj", "{53F318AF-DB89-4BE5-AFCD-B9747D3E491F}"
EndProject
Project("{FAE04EC0-301F-11D3-BF4B-00C04F79EFBC}") = "productobll", "..\bill\productobll\productobll.csproj", "{23DCD07B-ED4C-4A9C-9F60-EE6FF3ED7948}"
EndProject
Project("{FAE04EC0-301F-11D3-BF4B-00C04F79EFBC}") = "orderbll", "..\bill\orderbll\orderbll.csproj", "{9AE4C193-9096-49D5-917D-43B96CF4D702}"
EndProject
Project("{FAE04EC0-301F-11D3-BF4B-00C04F79EFBC}") = "vo", "..\comun\vo\vo.csproj", "{20D4AF52-2492-4ABE-813C-B36E27730709}"
EndProject
Project("{FAE04EC0-301F-11D3-BF4B-00C04F79EFBC}") = "vo2", "..\comun\vo2\vo2.csproj", "{B2F44704-AAA3-4CAA-8B25-83FD2689708B}"
EndProject
Global
	GlobalSection(SolutionConfigurationPlatforms) = preSolution
		Debug|Any CPU = Debug|Any CPU
		Release|Any CPU = Release|Any CPU
	EndGlobalSection
	GlobalSection(ProjectConfigurationPlatforms) = postSolution
		{4F72266A-9802-4AA6-A110-FFE82484A2DE}.Debug|Any CPU.ActiveCfg = Debug|Any CPU
		{4F72266A-9802-4AA6-A110-FFE82484A2DE}.Debug|Any CPU.Build.0 = Debug|Any CPU
		{4F72266A-9802-4AA6-A110-FFE82484A2DE}.Release|Any CPU.ActiveCfg = Release|Any CPU
		{4F72266A-9802-4AA6-A110-FFE82484A2DE}.Release|Any CPU.Build.0 = Release|Any CPU
		{145C7668-86E3-44CF-A9BF-039BE17699AA}.Debug|Any CPU.ActiveCfg = Debug|Any CPU
		{145C7668-86E3-44CF-A9BF-039BE17699AA}.Debug|Any CPU.Build.0 = Debug|Any CPU
		{145C7668-86E3-44CF-A9BF-039BE17699AA}.Release|Any CPU.ActiveCfg = Release|Any CPU
		{145C7668-86E3-44CF-A9BF-039BE17699AA}.Release|Any CPU.Build.0 = Release|Any CPU
		{962C7A72-2FBF-4BD6-A750-F55615978EBF}.Debug|Any CPU.ActiveCfg = Debug|Any CPU
		{962C7A72-2FBF-4BD6-A750-F55615978EBF}.Debug|Any CPU.Build.0 = Debug|Any CPU
		{962C7A72-2FBF-4BD6-A750-F55615978EBF}.Release|Any CPU.ActiveCfg = Release|Any CPU
		{962C7A72-2FBF-4BD6-A750-F55615978EBF}.Release|Any CPU.Build.0 = Release|Any CPU
		{341C77D1-4E70-41FC-BD76-8A0B061075B9}.Debug|Any CPU.ActiveCfg = Debug|Any CPU
		{341C77D1-4E70-41FC-BD76-8A0B061075B9}.Debug|Any CPU.Build.0 = Debug|Any CPU
		{341C77D1-4E70-41FC-BD76-8A0B061075B9}.Release|Any CPU.ActiveCfg = Release|Any CPU
		{341C77D1-4E70-41FC-BD76-8A0B061075B9}.Release|Any CPU.Build.0 = Release|Any CPU
		{53F318AF-DB89-4BE5-AFCD-B9747D3E491F}.Debug|Any CPU.ActiveCfg = Debug|Any CPU
		{53F318AF-DB89-4BE5-AFCD-B9747D3E491F}.Debug|Any CPU.Build.0 = Debug|Any CPU
		{53F318AF-DB89-4BE5-AFCD-B9747D3E491F}.Release|Any CPU.ActiveCfg = Release|Any CPU
		{53F318AF-DB89-4BE5-AFCD-B9747D3E491F}.Release|Any CPU.Build.0 = Release|Any CPU
		{23DCD07B-ED4C-4A9C-9F60-EE6FF3ED7948}.Debug|Any CPU.ActiveCfg = Debug|Any CPU
		{23DCD07B-ED4C-4A9C-9F60-EE6FF3ED7948}.Debug|Any CPU.Build.0 = Debug|Any CPU
		{23DCD07B-ED4C-4A9C-9F60-EE6FF3ED7948}.Release|Any CPU.ActiveCfg = Release|Any CPU
		{23DCD07B-ED4C-4A9C-9F60-EE6FF3ED7948}.Release|Any CPU.Build.0 = Release|Any CPU
		{9AE4C193-9096-49D5-917D-43B96CF4D702}.Debug|Any CPU.ActiveCfg = Debug|Any CPU
		{9AE4C193-9096-49D5-917D-43B96CF4D702}.Debug|Any CPU.Build.0 = Debug|Any CPU
		{9AE4C193-9096-49D5-917D-43B96CF4D702}.Release|Any CPU.ActiveCfg = Release|Any CPU
		{9AE4C193-9096-49D5-917D-43B96CF4D702}.Release|Any CPU.Build.0 = Release|Any CPU
		{20D4AF52-2492-4ABE-813C-B36E27730709}.Debug|Any CPU.ActiveCfg = Debug|Any CPU
		{20D4AF52-2492-4ABE-813C-B36E27730709}.Debug|Any CPU.Build.0 = Debug|Any CPU
		{20D4AF52-2492-4ABE-813C-B36E27730709}.Release|Any CPU.ActiveCfg = Release|Any CPU
		{20D4AF52-2492-4ABE-813C-B36E27730709}.Release|Any CPU.Build.0 = Release|Any CPU
		{B2F44704-AAA3-4CAA-8B25-83FD2689708B}.Debug|Any CPU.ActiveCfg = Debug|Any CPU
		{B2F44704-AAA3-4CAA-8B25-83FD2689708B}.Debug|Any CPU.Build.0 = Debug|Any CPU
		{B2F44704-AAA3-4CAA-8B25-83FD2689708B}.Release|Any CPU.ActiveCfg = Release|Any CPU
		{B2F44704-AAA3-4CAA-8B25-83FD2689708B}.Release|Any CPU.Build.0 = Release|Any CPU
	EndGlobalSection
	GlobalSection(NestedProjects) = preSolution
		{145C7668-86E3-44CF-A9BF-039BE17699AA} = {F765D51E-4D44-4876-9468-6C45CAE6E0A4}
		{962C7A72-2FBF-4BD6-A750-F55615978EBF} = {F765D51E-4D44-4876-9468-6C45CAE6E0A4}
		{341C77D1-4E70-41FC-BD76-8A0B061075B9} = {F765D51E-4D44-4876-9468-6C45CAE6E0A4}
		{53F318AF-DB89-4BE5-AFCD-B9747D3E491F} = {1E2417F8-BAAB-402F-8CDE-C6AFEC7A652E}
		{23DCD07B-ED4C-4A9C-9F60-EE6FF3ED7948} = {1E2417F8-BAAB-402F-8CDE-C6AFEC7A652E}
		{9AE4C193-9096-49D5-917D-43B96CF4D702} = {1E2417F8-BAAB-402F-8CDE-C6AFEC7A652E}
		{20D4AF52-2492-4ABE-813C-B36E27730709} = {5F5E728D-A79C-4441-83B8-992986CB147F}
		{B2F44704-AAA3-4CAA-8B25-83FD2689708B} = {5F5E728D-A79C-4441-83B8-992986CB147F}
	EndGlobalSection
EndGlobal
